
Microsoft Visual Studio Solution File, Format Version 12.00
# Visual Studio 2013
VisualStudioVersion = 12.0.31101.0
MinimumVisualStudioVersion = 10.0.40219.1
Project("{FAE04EC0-301F-11D3-BF4B-00C04F79EFBC}") = "Naloga03", "Naloga03\Naloga03.csproj", "{81C31CA2-9E1D-4445-8BAF-683E71231223}"
EndProject
Project("{FAE04EC0-301F-11D3-BF4B-00C04F79EFBC}") = "Naloga02", "Naloga02\Naloga02.csproj", "{B049C77E-5A94-4866-BD2A-77412AE445B0}"
EndProject
Project("{FAE04EC0-301F-11D3-BF4B-00C04F79EFBC}") = "Naloga04", "Naloga04\Naloga04.csproj", "{EB8FD850-D14F-44A3-8F4C-CF90FD34CE0C}"
EndProject
Global
	GlobalSection(SolutionConfigurationPlatforms) = preSolution
		Debug|Any CPU = Debug|Any CPU
		Release|Any CPU = Release|Any CPU
	EndGlobalSection
	GlobalSection(ProjectConfigurationPlatforms) = postSolution
		{81C31CA2-9E1D-4445-8BAF-683E71231223}.Debug|Any CPU.ActiveCfg = Debug|Any CPU
		{81C31CA2-9E1D-4445-8BAF-683E71231223}.Debug|Any CPU.Build.0 = Debug|Any CPU
		{81C31CA2-9E1D-4445-8BAF-683E71231223}.Release|Any CPU.ActiveCfg = Release|Any CPU
		{81C31CA2-9E1D-4445-8BAF-683E71231223}.Release|Any CPU.Build.0 = Release|Any CPU
		{B049C77E-5A94-4866-BD2A-77412AE445B0}.Debug|Any CPU.ActiveCfg = Debug|Any CPU
		{B049C77E-5A94-4866-BD2A-77412AE445B0}.Debug|Any CPU.Build.0 = Debug|Any CPU
		{B049C77E-5A94-4866-BD2A-77412AE445B0}.Release|Any CPU.ActiveCfg = Release|Any CPU
		{B049C77E-5A94-4866-BD2A-77412AE445B0}.Release|Any CPU.Build.0 = Release|Any CPU
		{EB8FD850-D14F-44A3-8F4C-CF90FD34CE0C}.Debug|Any CPU.ActiveCfg = Debug|Any CPU
		{EB8FD850-D14F-44A3-8F4C-CF90FD34CE0C}.Debug|Any CPU.Build.0 = Debug|Any CPU
		{EB8FD850-D14F-44A3-8F4C-CF90FD34CE0C}.Release|Any CPU.ActiveCfg = Release|Any CPU
		{EB8FD850-D14F-44A3-8F4C-CF90FD34CE0C}.Release|Any CPU.Build.0 = Release|Any CPU
	EndGlobalSection
	GlobalSection(SolutionProperties) = preSolution
		HideSolutionNode = FALSE
	EndGlobalSection
EndGlobal
